
Microsoft Visual Studio Solution File, Format Version 12.00
# Visual Studio Version 16
VisualStudioVersion = 16.0.31005.135
MinimumVisualStudioVersion = 10.0.40219.1
Project("{9A19103F-16F7-4668-BE54-9A1E7A4F7556}") = "BookMyShowApi", "BookMyShowApi\BookMyShowApi.csproj", "{5B3A70D5-6809-4A42-8197-A0D4A00DFCCE}"
EndProject
Global
	GlobalSection(SolutionConfigurationPlatforms) = preSolution
		Debug|Any CPU = Debug|Any CPU
		Release|Any CPU = Release|Any CPU
	EndGlobalSection
	GlobalSection(ProjectConfigurationPlatforms) = postSolution
		{5B3A70D5-6809-4A42-8197-A0D4A00DFCCE}.Debug|Any CPU.ActiveCfg = Debug|Any CPU
		{5B3A70D5-6809-4A42-8197-A0D4A00DFCCE}.Debug|Any CPU.Build.0 = Debug|Any CPU
		{5B3A70D5-6809-4A42-8197-A0D4A00DFCCE}.Release|Any CPU.ActiveCfg = Release|Any CPU
		{5B3A70D5-6809-4A42-8197-A0D4A00DFCCE}.Release|Any CPU.Build.0 = Release|Any CPU
	EndGlobalSection
	GlobalSection(SolutionProperties) = preSolution
		HideSolutionNode = FALSE
	EndGlobalSection
	GlobalSection(ExtensibilityGlobals) = postSolution
		SolutionGuid = {C8928CC6-DF30-4771-8286-D8A0DBA28C6B}
	EndGlobalSection
EndGlobal
